{
  "name": "ola-clone",
  "lockfileVersion": 3,
  "requires": true,
  "packages": {
    "": {
      "dependencies": {
        "1.0.2": "^1.0.0",
        "yarn": "^1.22.19"
      }
    },
    "node_modules/1.0.2": {
      "version": "1.0.0",
      "resolved": "https://registry.npmjs.org/1.0.2/-/1.0.2-1.0.0.tgz",
      "integrity": "sha512-K3Gb6MWcOoqTIpIHtB+p9kIhuVwxQVMvuDSYL9jawSKJiIvwxrZ53druvZXLGLtWaIBILCnL2NZ0SJOxuB9/lQ=="
    },
    "node_modules/yarn": {
      "version": "1.22.19",
      "resolved": "https://registry.npmjs.org/yarn/-/yarn-1.22.19.tgz",
      "integrity": "sha512-/0V5q0WbslqnwP91tirOvldvYISzaqhClxzyUKXYxs07yUILIs5jx/k6CFe8bvKSkds5w+eiOqta39Wk3WxdcQ==",
      "hasInstallScript": true,
      "bin": {
        "yarn": "bin/yarn.js",
        "yarnpkg": "bin/yarn.js"
      },
      "engines": {
        "node": ">=4.0.0"
      }
    }
  }
}
